// !$*UTF8*$!
{
	archiveVersion = 1;
	classes = {
	};
	objectVersion = 50;
	objects = {

/* Begin PBXBuildFile section */
		386E0ADB87588851C839E579 /* Pods_FLIX.framework in Frameworks */ = {isa = PBXBuildFile; fileRef = 427F9E189039B2FBD2474360 /* Pods_FLIX.framework */; };
		75C6E05E6EE45D72F8AA0305 /* Pods_FLIXUITests.framework in Frameworks */ = {isa = PBXBuildFile; fileRef = 59534F5141A3E362987E24E0 /* Pods_FLIXUITests.framework */; };
		C18DE65C2213C3F30014B033 /* AppDelegate.swift in Sources */ = {isa = PBXBuildFile; fileRef = C18DE65B2213C3F30014B033 /* AppDelegate.swift */; };
		C18DE65E2213C3F30014B033 /* ViewController.swift in Sources */ = {isa = PBXBuildFile; fileRef = C18DE65D2213C3F30014B033 /* ViewController.swift */; };
		C18DE6612213C3F30014B033 /* Main.storyboard in Resources */ = {isa = PBXBuildFile; fileRef = C18DE65F2213C3F30014B033 /* Main.storyboard */; };
		C18DE6632213C3F50014B033 /* Assets.xcassets in Resources */ = {isa = PBXBuildFile; fileRef = C18DE6622213C3F50014B033 /* Assets.xcassets */; };
		C18DE6662213C3F50014B033 /* LaunchScreen.storyboard in Resources */ = {isa = PBXBuildFile; fileRef = C18DE6642213C3F50014B033 /* LaunchScreen.storyboard */; };
		C18DE6712213C3F50014B033 /* FLIXTests.swift in Sources */ = {isa = PBXBuildFile; fileRef = C18DE6702213C3F50014B033 /* FLIXTests.swift */; };
		C18DE67C2213C3F50014B033 /* FLIXUITests.swift in Sources */ = {isa = PBXBuildFile; fileRef = C18DE67B2213C3F50014B033 /* FLIXUITests.swift */; };
		C18DE68A2213C6360014B033 /* MoviesViewController.swift in Sources */ = {isa = PBXBuildFile; fileRef = C18DE6892213C6360014B033 /* MoviesViewController.swift */; };
		C18DE68C2213D1BD0014B033 /* MovieCell.swift in Sources */ = {isa = PBXBuildFile; fileRef = C18DE68B2213D1BD0014B033 /* MovieCell.swift */; };
		C18DE74F221CF8640014B033 /* MovieDetailsViewController.swift in Sources */ = {isa = PBXBuildFile; fileRef = C18DE74E221CF8640014B033 /* MovieDetailsViewController.swift */; };
		C18DE751221D03B10014B033 /* MovieGridViewController.swift in Sources */ = {isa = PBXBuildFile; fileRef = C18DE750221D03B10014B033 /* MovieGridViewController.swift */; };
		C18DE753221D07CC0014B033 /* MovieGridCell.swift in Sources */ = {isa = PBXBuildFile; fileRef = C18DE752221D07CC0014B033 /* MovieGridCell.swift */; };
		D3421B5276D15BD983D13E69 /* Pods_FLIXTests.framework in Frameworks */ = {isa = PBXBuildFile; fileRef = CF6E4C5901B6376931BA0D86 /* Pods_FLIXTests.framework */; };
/* End PBXBuildFile section */

/* Begin PBXContainerItemProxy section */
		C18DE66D2213C3F50014B033 /* PBXContainerItemProxy */ = {
			isa = PBXContainerItemProxy;
			containerPortal = C18DE6502213C3F30014B033 /* Project object */;
			proxyType = 1;
			remoteGlobalIDString = C18DE6572213C3F30014B033;
			remoteInfo = FLIX;
		};
		C18DE6782213C3F50014B033 /* PBXContainerItemProxy */ = {
			isa = PBXContainerItemProxy;
			containerPortal = C18DE6502213C3F30014B033 /* Project object */;
			proxyType = 1;
			remoteGlobalIDString = C18DE6572213C3F30014B033;
			remoteInfo = FLIX;
		};
/* End PBXContainerItemProxy section */

/* Begin PBXFileReference section */
		1765B7AEA52CAD9C9C232D75 /* Pods-FLIXUITests.debug.xcconfig */ = {isa = PBXFileReference; includeInIndex = 1; lastKnownFileType = text.xcconfig; name = "Pods-FLIXUITests.debug.xcconfig"; path = "Target Support Files/Pods-FLIXUITests/Pods-FLIXUITests.debug.xcconfig"; sourceTree = "<group>"; };
		1BC6B775C6222EA7AE6F3F26 /* Pods-FLIX.release.xcconfig */ = {isa = PBXFileReference; includeInIndex = 1; lastKnownFileType = text.xcconfig; name = "Pods-FLIX.release.xcconfig"; path = "Target Support Files/Pods-FLIX/Pods-FLIX.release.xcconfig"; sourceTree = "<group>"; };
		2DF076B2A56F3387CD9DAE42 /* Pods-FLIXUITests.release.xcconfig */ = {isa = PBXFileReference; includeInIndex = 1; lastKnownFileType = text.xcconfig; name = "Pods-FLIXUITests.release.xcconfig"; path = "Target Support Files/Pods-FLIXUITests/Pods-FLIXUITests.release.xcconfig"; sourceTree = "<group>"; };
		427F9E189039B2FBD2474360 /* Pods_FLIX.framework */ = {isa = PBXFileReference; explicitFileType = wrapper.framework; includeInIndex = 0; path = Pods_FLIX.framework; sourceTree = BUILT_PRODUCTS_DIR; };
		59534F5141A3E362987E24E0 /* Pods_FLIXUITests.framework */ = {isa = PBXFileReference; explicitFileType = wrapper.framework; includeInIndex = 0; path = Pods_FLIXUITests.framework; sourceTree = BUILT_PRODUCTS_DIR; };
		87BFA6424EF40FCCD278E94E /* Pods-FLIX.debug.xcconfig */ = {isa = PBXFileReference; includeInIndex = 1; lastKnownFileType = text.xcconfig; name = "Pods-FLIX.debug.xcconfig"; path = "Target Support Files/Pods-FLIX/Pods-FLIX.debug.xcconfig"; sourceTree = "<group>"; };
		C18DE6582213C3F30014B033 /* FLIX.app */ = {isa = PBXFileReference; explicitFileType = wrapper.application; includeInIndex = 0; path = FLIX.app; sourceTree = BUILT_PRODUCTS_DIR; };
		C18DE65B2213C3F30014B033 /* AppDelegate.swift */ = {isa = PBXFileReference; lastKnownFileType = sourcecode.swift; path = AppDelegate.swift; sourceTree = "<group>"; };
		C18DE65D2213C3F30014B033 /* ViewController.swift */ = {isa = PBXFileReference; lastKnownFileType = sourcecode.swift; path = ViewController.swift; sourceTree = "<group>"; };
		C18DE6602213C3F30014B033 /* Base */ = {isa = PBXFileReference; lastKnownFileType = file.storyboard; name = Base; path = Base.lproj/Main.storyboard; sourceTree = "<group>"; };
		C18DE6622213C3F50014B033 /* Assets.xcassets */ = {isa = PBXFileReference; lastKnownFileType = folder.assetcatalog; path = Assets.xcassets; sourceTree = "<group>"; };
		C18DE6652213C3F50014B033 /* Base */ = {isa = PBXFileReference; lastKnownFileType = file.storyboard; name = Base; path = Base.lproj/LaunchScreen.storyboard; sourceTree = "<group>"; };
		C18DE6672213C3F50014B033 /* Info.plist */ = {isa = PBXFileReference; lastKnownFileType = text.plist.xml; path = Info.plist; sourceTree = "<group>"; };
		C18DE66C2213C3F50014B033 /* FLIXTests.xctest */ = {isa = PBXFileReference; explicitFileType = wrapper.cfbundle; includeInIndex = 0; path = FLIXTests.xctest; sourceTree = BUILT_PRODUCTS_DIR; };
		C18DE6702213C3F50014B033 /* FLIXTests.swift */ = {isa = PBXFileReference; lastKnownFileType = sourcecode.swift; path = FLIXTests.swift; sourceTree = "<group>"; };
		C18DE6722213C3F50014B033 /* Info.plist */ = {isa = PBXFileReference; lastKnownFileType = text.plist.xml; path = Info.plist; sourceTree = "<group>"; };
		C18DE6772213C3F50014B033 /* FLIXUITests.xctest */ = {isa = PBXFileReference; explicitFileType = wrapper.cfbundle; includeInIndex = 0; path = FLIXUITests.xctest; sourceTree = BUILT_PRODUCTS_DIR; };
		C18DE67B2213C3F50014B033 /* FLIXUITests.swift */ = {isa = PBXFileReference; lastKnownFileType = sourcecode.swift; path = FLIXUITests.swift; sourceTree = "<group>"; };
		C18DE67D2213C3F50014B033 /* Info.plist */ = {isa = PBXFileReference; lastKnownFileType = text.plist.xml; path = Info.plist; sourceTree = "<group>"; };
		C18DE6892213C6360014B033 /* MoviesViewController.swift */ = {isa = PBXFileReference; lastKnownFileType = sourcecode.swift; path = MoviesViewController.swift; sourceTree = "<group>"; };
		C18DE68B2213D1BD0014B033 /* MovieCell.swift */ = {isa = PBXFileReference; lastKnownFileType = sourcecode.swift; path = MovieCell.swift; sourceTree = "<group>"; };
		C18DE74E221CF8640014B033 /* MovieDetailsViewController.swift */ = {isa = PBXFileReference; lastKnownFileType = sourcecode.swift; path = MovieDetailsViewController.swift; sourceTree = "<group>"; };
		C18DE750221D03B10014B033 /* MovieGridViewController.swift */ = {isa = PBXFileReference; lastKnownFileType = sourcecode.swift; path = MovieGridViewController.swift; sourceTree = "<group>"; };
		C18DE752221D07CC0014B033 /* MovieGridCell.swift */ = {isa = PBXFileReference; lastKnownFileType = sourcecode.swift; path = MovieGridCell.swift; sourceTree = "<group>"; };
		C37BA130AD3858A0C621BCB2 /* Pods-FLIXTests.debug.xcconfig */ = {isa = PBXFileReference; includeInIndex = 1; lastKnownFileType = text.xcconfig; name = "Pods-FLIXTests.debug.xcconfig"; path = "Target Support Files/Pods-FLIXTests/Pods-FLIXTests.debug.xcconfig"; sourceTree = "<group>"; };
		C662EDE597BEB536942D51D8 /* Pods-FLIXTests.release.xcconfig */ = {isa = PBXFileReference; includeInIndex = 1; lastKnownFileType = text.xcconfig; name = "Pods-FLIXTests.release.xcconfig"; path = "Target Support Files/Pods-FLIXTests/Pods-FLIXTests.release.xcconfig"; sourceTree = "<group>"; };
		CF6E4C5901B6376931BA0D86 /* Pods_FLIXTests.framework */ = {isa = PBXFileReference; explicitFileType = wrapper.framework; includeInIndex = 0; path = Pods_FLIXTests.framework; sourceTree = BUILT_PRODUCTS_DIR; };
/* End PBXFileReference section */

/* Begin PBXFrameworksBuildPhase section */
		C18DE6552213C3F30014B033 /* Frameworks */ = {
			isa = PBXFrameworksBuildPhase;
			buildActionMask = 2147483647;
			files = (
				386E0ADB87588851C839E579 /* Pods_FLIX.framework in Frameworks */,
			);
			runOnlyForDeploymentPostprocessing = 0;
		};
		C18DE6692213C3F50014B033 /* Frameworks */ = {
			isa = PBXFrameworksBuildPhase;
			buildActionMask = 2147483647;
			files = (
				D3421B5276D15BD983D13E69 /* Pods_FLIXTests.framework in Frameworks */,
			);
			runOnlyForDeploymentPostprocessing = 0;
		};
		C18DE6742213C3F50014B033 /* Frameworks */ = {
			isa = PBXFrameworksBuildPhase;
			buildActionMask = 2147483647;
			files = (
				75C6E05E6EE45D72F8AA0305 /* Pods_FLIXUITests.framework in Frameworks */,
			);
			runOnlyForDeploymentPostprocessing = 0;
		};
/* End PBXFrameworksBuildPhase section */

/* Begin PBXGroup section */
		1D5F75439F1707E9FAAC5A7A /* Frameworks */ = {
			isa = PBXGroup;
			children = (
				427F9E189039B2FBD2474360 /* Pods_FLIX.framework */,
				CF6E4C5901B6376931BA0D86 /* Pods_FLIXTests.framework */,
				59534F5141A3E362987E24E0 /* Pods_FLIXUITests.framework */,
			);
			name = Frameworks;
			sourceTree = "<group>";
		};
		536C6F9CCB7E427D5D52C9D3 /* Pods */ = {
			isa = PBXGroup;
			children = (
				87BFA6424EF40FCCD278E94E /* Pods-FLIX.debug.xcconfig */,
				1BC6B775C6222EA7AE6F3F26 /* Pods-FLIX.release.xcconfig */,
				C37BA130AD3858A0C621BCB2 /* Pods-FLIXTests.debug.xcconfig */,
				C662EDE597BEB536942D51D8 /* Pods-FLIXTests.release.xcconfig */,
				1765B7AEA52CAD9C9C232D75 /* Pods-FLIXUITests.debug.xcconfig */,
				2DF076B2A56F3387CD9DAE42 /* Pods-FLIXUITests.release.xcconfig */,
			);
			path = Pods;
			sourceTree = "<group>";
		};
		C18DE64F2213C3F30014B033 = {
			isa = PBXGroup;
			children = (
				C18DE65A2213C3F30014B033 /* FLIX */,
				C18DE66F2213C3F50014B033 /* FLIXTests */,
				C18DE67A2213C3F50014B033 /* FLIXUITests */,
				C18DE6592213C3F30014B033 /* Products */,
				536C6F9CCB7E427D5D52C9D3 /* Pods */,
				1D5F75439F1707E9FAAC5A7A /* Frameworks */,
			);
			sourceTree = "<group>";
		};
		C18DE6592213C3F30014B033 /* Products */ = {
			isa = PBXGroup;
			children = (
				C18DE6582213C3F30014B033 /* FLIX.app */,
				C18DE66C2213C3F50014B033 /* FLIXTests.xctest */,
				C18DE6772213C3F50014B033 /* FLIXUITests.xctest */,
			);
			name = Products;
			sourceTree = "<group>";
		};
		C18DE65A2213C3F30014B033 /* FLIX */ = {
			isa = PBXGroup;
			children = (
				C18DE750221D03B10014B033 /* MovieGridViewController.swift */,
				C18DE65B2213C3F30014B033 /* AppDelegate.swift */,
				C18DE6892213C6360014B033 /* MoviesViewController.swift */,
				C18DE65D2213C3F30014B033 /* ViewController.swift */,
				C18DE65F2213C3F30014B033 /* Main.storyboard */,
				C18DE6622213C3F50014B033 /* Assets.xcassets */,
				C18DE6642213C3F50014B033 /* LaunchScreen.storyboard */,
				C18DE6672213C3F50014B033 /* Info.plist */,
				C18DE68B2213D1BD0014B033 /* MovieCell.swift */,
				C18DE74E221CF8640014B033 /* MovieDetailsViewController.swift */,
				C18DE752221D07CC0014B033 /* MovieGridCell.swift */,
			);
			path = FLIX;
			sourceTree = "<group>";
		};
		C18DE66F2213C3F50014B033 /* FLIXTests */ = {
			isa = PBXGroup;
			children = (
				C18DE6702213C3F50014B033 /* FLIXTests.swift */,
				C18DE6722213C3F50014B033 /* Info.plist */,
			);
			path = FLIXTests;
			sourceTree = "<group>";
		};
		C18DE67A2213C3F50014B033 /* FLIXUITests */ = {
			isa = PBXGroup;
			children = (
				C18DE67B2213C3F50014B033 /* FLIXUITests.swift */,
				C18DE67D2213C3F50014B033 /* Info.plist */,
			);
			path = FLIXUITests;
			sourceTree = "<group>";
		};
/* End PBXGroup section */

/* Begin PBXNativeTarget section */
		C18DE6572213C3F30014B033 /* FLIX */ = {
			isa = PBXNativeTarget;
			buildConfigurationList = C18DE6802213C3F50014B033 /* Build configuration list for PBXNativeTarget "FLIX" */;
			buildPhases = (
				936B52EC0DB760F07619887E /* [CP] Check Pods Manifest.lock */,
				C18DE6542213C3F30014B033 /* Sources */,
				C18DE6552213C3F30014B033 /* Frameworks */,
				C18DE6562213C3F30014B033 /* Resources */,
				5AEA293493E8E1283E26DF4B /* [CP] Embed Pods Frameworks */,
			);
			buildRules = (
			);
			dependencies = (
			);
			name = FLIX;
			productName = FLIX;
			productReference = C18DE6582213C3F30014B033 /* FLIX.app */;
			productType = "com.apple.product-type.application";
		};
		C18DE66B2213C3F50014B033 /* FLIXTests */ = {
			isa = PBXNativeTarget;
			buildConfigurationList = C18DE6832213C3F50014B033 /* Build configuration list for PBXNativeTarget "FLIXTests" */;
			buildPhases = (
				6373C1B04891796570AB07B3 /* [CP] Check Pods Manifest.lock */,
				C18DE6682213C3F50014B033 /* Sources */,
				C18DE6692213C3F50014B033 /* Frameworks */,
				C18DE66A2213C3F50014B033 /* Resources */,
			);
			buildRules = (
			);
			dependencies = (
				C18DE66E2213C3F50014B033 /* PBXTargetDependency */,
			);
			name = FLIXTests;
			productName = FLIXTests;
			productReference = C18DE66C2213C3F50014B033 /* FLIXTests.xctest */;
			productType = "com.apple.product-type.bundle.unit-test";
		};
		C18DE6762213C3F50014B033 /* FLIXUITests */ = {
			isa = PBXNativeTarget;
			buildConfigurationList = C18DE6862213C3F50014B033 /* Build configuration list for PBXNativeTarget "FLIXUITests" */;
			buildPhases = (
				BEE7F5D79FD36B594CFF3809 /* [CP] Check Pods Manifest.lock */,
				C18DE6732213C3F50014B033 /* Sources */,
				C18DE6742213C3F50014B033 /* Frameworks */,
				C18DE6752213C3F50014B033 /* Resources */,
			);
			buildRules = (
			);
			dependencies = (
				C18DE6792213C3F50014B033 /* PBXTargetDependency */,
			);
			name = FLIXUITests;
			productName = FLIXUITests;
			productReference = C18DE6772213C3F50014B033 /* FLIXUITests.xctest */;
			productType = "com.apple.product-type.bundle.ui-testing";
		};
/* End PBXNativeTarget section */

/* Begin PBXProject section */
		C18DE6502213C3F30014B033 /* Project object */ = {
			isa = PBXProject;
			attributes = {
				LastSwiftUpdateCheck = 1010;
				LastUpgradeCheck = 1010;
				ORGANIZATIONNAME = "Alejandro pimentel";
				TargetAttributes = {
					C18DE6572213C3F30014B033 = {
						CreatedOnToolsVersion = 10.1;
					};
					C18DE66B2213C3F50014B033 = {
						CreatedOnToolsVersion = 10.1;
						TestTargetID = C18DE6572213C3F30014B033;
					};
					C18DE6762213C3F50014B033 = {
						CreatedOnToolsVersion = 10.1;
						TestTargetID = C18DE6572213C3F30014B033;
					};
				};
			};
			buildConfigurationList = C18DE6532213C3F30014B033 /* Build configuration list for PBXProject "FLIX" */;
			compatibilityVersion = "Xcode 9.3";
			developmentRegion = en;
			hasScannedForEncodings = 0;
			knownRegions = (
				en,
				Base,
			);
			mainGroup = C18DE64F2213C3F30014B033;
			productRefGroup = C18DE6592213C3F30014B033 /* Products */;
			projectDirPath = "";
			projectRoot = "";
			targets = (
				C18DE6572213C3F30014B033 /* FLIX */,
				C18DE66B2213C3F50014B033 /* FLIXTests */,
				C18DE6762213C3F50014B033 /* FLIXUITests */,
			);
		};
/* End PBXProject section */

/* Begin PBXResourcesBuildPhase section */
		C18DE6562213C3F30014B033 /* Resources */ = {
			isa = PBXResourcesBuildPhase;
			buildActionMask = 2147483647;
			files = (
				C18DE6662213C3F50014B033 /* LaunchScreen.storyboard in Resources */,
				C18DE6632213C3F50014B033 /* Assets.xcassets in Resources */,
				C18DE6612213C3F30014B033 /* Main.storyboard in Resources */,
			);
			runOnlyForDeploymentPostprocessing = 0;
		};
		C18DE66A2213C3F50014B033 /* Resources */ = {
			isa = PBXResourcesBuildPhase;
			buildActionMask = 2147483647;
			files = (
			);
			runOnlyForDeploymentPostprocessing = 0;
		};
		C18DE6752213C3F50014B033 /* Resources */ = {
			isa = PBXResourcesBuildPhase;
			buildActionMask = 2147483647;
			files = (
			);
			runOnlyForDeploymentPostprocessing = 0;
		};
/* End PBXResourcesBuildPhase section */

/* Begin PBXShellScriptBuildPhase section */
		5AEA293493E8E1283E26DF4B /* [CP] Embed Pods Frameworks */ = {
			isa = PBXShellScriptBuildPhase;
			buildActionMask = 2147483647;
			files = (
			);
			inputFileListPaths = (
			);
			inputPaths = (
				"${PODS_ROOT}/Target Support Files/Pods-FLIX/Pods-FLIX-frameworks.sh",
				"${BUILT_PRODUCTS_DIR}/Alamofire/Alamofire.framework",
				"${BUILT_PRODUCTS_DIR}/AlamofireImage/AlamofireImage.framework",
			);
			name = "[CP] Embed Pods Frameworks";
			outputFileListPaths = (
			);
			outputPaths = (
				"${TARGET_BUILD_DIR}/${FRAMEWORKS_FOLDER_PATH}/Alamofire.framework",
				"${TARGET_BUILD_DIR}/${FRAMEWORKS_FOLDER_PATH}/AlamofireImage.framework",
			);
			runOnlyForDeploymentPostprocessing = 0;
			shellPath = /bin/sh;
			shellScript = "\"${PODS_ROOT}/Target Support Files/Pods-FLIX/Pods-FLIX-frameworks.sh\"\n";
			showEnvVarsInLog = 0;
		};
		6373C1B04891796570AB07B3 /* [CP] Check Pods Manifest.lock */ = {
			isa = PBXShellScriptBuildPhase;
			buildActionMask = 2147483647;
			files = (
			);
			inputFileListPaths = (
			);
			inputPaths = (
				"${PODS_PODFILE_DIR_PATH}/Podfile.lock",
				"${PODS_ROOT}/Manifest.lock",
			);
			name = "[CP] Check Pods Manifest.lock";
			outputFileListPaths = (
			);
			outputPaths = (
				"$(DERIVED_FILE_DIR)/Pods-FLIXTests-checkManifestLockResult.txt",
			);
			runOnlyForDeploymentPostprocessing = 0;
			shellPath = /bin/sh;
			shellScript = "diff \"${PODS_PODFILE_DIR_PATH}/Podfile.lock\" \"${PODS_ROOT}/Manifest.lock\" > /dev/null\nif [ $? != 0 ] ; then\n    # print error to STDERR\n    echo \"error: The sandbox is not in sync with the Podfile.lock. Run 'pod install' or update your CocoaPods installation.\" >&2\n    exit 1\nfi\n# This output is used by Xcode 'outputs' to avoid re-running this script phase.\necho \"SUCCESS\" > \"${SCRIPT_OUTPUT_FILE_0}\"\n";
			showEnvVarsInLog = 0;
		};
		936B52EC0DB760F07619887E /* [CP] Check Pods Manifest.lock */ = {
			isa = PBXShellScriptBuildPhase;
			buildActionMask = 2147483647;
			files = (
			);
			inputFileListPaths = (
			);
			inputPaths = (
				"${PODS_PODFILE_DIR_PATH}/Podfile.lock",
				"${PODS_ROOT}/Manifest.lock",
			);
			name = "[CP] Check Pods Manifest.lock";
			outputFileListPaths = (
			);
			outputPaths = (
				"$(DERIVED_FILE_DIR)/Pods-FLIX-checkManifestLockResult.txt",
			);
			runOnlyForDeploymentPostprocessing = 0;
			shellPath = /bin/sh;
			shellScript = "diff \"${PODS_PODFILE_DIR_PATH}/Podfile.lock\" \"${PODS_ROOT}/Manifest.lock\" > /dev/null\nif [ $? != 0 ] ; then\n    # print error to STDERR\n    echo \"error: The sandbox is not in sync with the Podfile.lock. Run 'pod install' or update your CocoaPods installation.\" >&2\n    exit 1\nfi\n# This output is used by Xcode 'outputs' to avoid re-running this script phase.\necho \"SUCCESS\" > \"${SCRIPT_OUTPUT_FILE_0}\"\n";
			showEnvVarsInLog = 0;
		};
		BEE7F5D79FD36B594CFF3809 /* [CP] Check Pods Manifest.lock */ = {
			isa = PBXShellScriptBuildPhase;
			buildActionMask = 2147483647;
			files = (
			);
			inputFileListPaths = (
			);
			inputPaths = (
				"${PODS_PODFILE_DIR_PATH}/Podfile.lock",
				"${PODS_ROOT}/Manifest.lock",
			);
			name = "[CP] Check Pods Manifest.lock";
			outputFileListPaths = (
			);
			outputPaths = (
				"$(DERIVED_FILE_DIR)/Pods-FLIXUITests-checkManifestLockResult.txt",
			);
			runOnlyForDeploymentPostprocessing = 0;
			shellPath = /bin/sh;
			shellScript = "diff \"${PODS_PODFILE_DIR_PATH}/Podfile.lock\" \"${PODS_ROOT}/Manifest.lock\" > /dev/null\nif [ $? != 0 ] ; then\n    # print error to STDERR\n    echo \"error: The sandbox is not in sync with the Podfile.lock. Run 'pod install' or update your CocoaPods installation.\" >&2\n    exit 1\nfi\n# This output is used by Xcode 'outputs' to avoid re-running this script phase.\necho \"SUCCESS\" > \"${SCRIPT_OUTPUT_FILE_0}\"\n";
			showEnvVarsInLog = 0;
		};
/* End PBXShellScriptBuildPhase section */

/* Begin PBXSourcesBuildPhase section */
		C18DE6542213C3F30014B033 /* Sources */ = {
			isa = PBXSourcesBuildPhase;
			buildActionMask = 2147483647;
			files = (
				C18DE74F221CF8640014B033 /* MovieDetailsViewController.swift in Sources */,
				C18DE65E2213C3F30014B033 /* ViewController.swift in Sources */,
				C18DE65C2213C3F30014B033 /* AppDelegate.swift in Sources */,
				C18DE68C2213D1BD0014B033 /* MovieCell.swift in Sources */,
				C18DE68A2213C6360014B033 /* MoviesViewController.swift in Sources */,
				C18DE751221D03B10014B033 /* MovieGridViewController.swift in Sources */,
				C18DE753221D07CC0014B033 /* MovieGridCell.swift in Sources */,
			);
			runOnlyForDeploymentPostprocessing = 0;
		};
		C18DE6682213C3F50014B033 /* Sources */ = {
			isa = PBXSourcesBuildPhase;
			buildActionMask = 2147483647;
			files = (
				C18DE6712213C3F50014B033 /* FLIXTests.swift in Sources */,
			);
			runOnlyForDeploymentPostprocessing = 0;
		};
		C18DE6732213C3F50014B033 /* Sources */ = {
			isa = PBXSourcesBuildPhase;
			buildActionMask = 2147483647;
			files = (
				C18DE67C2213C3F50014B033 /* FLIXUITests.swift in Sources */,
			);
			runOnlyForDeploymentPostprocessing = 0;
		};
/* End PBXSourcesBuildPhase section */

/* Begin PBXTargetDependency section */
		C18DE66E2213C3F50014B033 /* PBXTargetDependency */ = {
			isa = PBXTargetDependency;
			target = C18DE6572213C3F30014B033 /* FLIX */;
			targetProxy = C18DE66D2213C3F50014B033 /* PBXContainerItemProxy */;
		};
		C18DE6792213C3F50014B033 /* PBXTargetDependency */ = {
			isa = PBXTargetDependency;
			target = C18DE6572213C3F30014B033 /* FLIX */;
			targetProxy = C18DE6782213C3F50014B033 /* PBXContainerItemProxy */;
		};
/* End PBXTargetDependency section */

/* Begin PBXVariantGroup section */
		C18DE65F2213C3F30014B033 /* Main.storyboard */ = {
			isa = PBXVariantGroup;
			children = (
				C18DE6602213C3F30014B033 /* Base */,
			);
			name = Main.storyboard;
			sourceTree = "<group>";
		};
		C18DE6642213C3F50014B033 /* LaunchScreen.storyboard */ = {
			isa = PBXVariantGroup;
			children = (
				C18DE6652213C3F50014B033 /* Base */,
			);
			name = LaunchScreen.storyboard;
			sourceTree = "<group>";
		};
/* End PBXVariantGroup section */

/* Begin XCBuildConfiguration section */
		C18DE67E2213C3F50014B033 /* Debug */ = {
			isa = XCBuildConfiguration;
			buildSettings = {
				ALWAYS_SEARCH_USER_PATHS = NO;
				CLANG_ANALYZER_NONNULL = YES;
				CLANG_ANALYZER_NUMBER_OBJECT_CONVERSION = YES_AGGRESSIVE;
				CLANG_CXX_LANGUAGE_STANDARD = "gnu++14";
				CLANG_CXX_LIBRARY = "libc++";
				CLANG_ENABLE_MODULES = YES;
				CLANG_ENABLE_OBJC_ARC = YES;
				CLANG_ENABLE_OBJC_WEAK = YES;
				CLANG_WARN_BLOCK_CAPTURE_AUTORELEASING = YES;
				CLANG_WARN_BOOL_CONVERSION = YES;
				CLANG_WARN_COMMA = YES;
				CLANG_WARN_CONSTANT_CONVERSION = YES;
				CLANG_WARN_DEPRECATED_OBJC_IMPLEMENTATIONS = YES;
				CLANG_WARN_DIRECT_OBJC_ISA_USAGE = YES_ERROR;
				CLANG_WARN_DOCUMENTATION_COMMENTS = YES;
				CLANG_WARN_EMPTY_BODY = YES;
				CLANG_WARN_ENUM_CONVERSION = YES;
				CLANG_WARN_INFINITE_RECURSION = YES;
				CLANG_WARN_INT_CONVERSION = YES;
				CLANG_WARN_NON_LITERAL_NULL_CONVERSION = YES;
				CLANG_WARN_OBJC_IMPLICIT_RETAIN_SELF = YES;
				CLANG_WARN_OBJC_LITERAL_CONVERSION = YES;
				CLANG_WARN_OBJC_ROOT_CLASS = YES_ERROR;
				CLANG_WARN_RANGE_LOOP_ANALYSIS = YES;
				CLANG_WARN_STRICT_PROTOTYPES = YES;
				CLANG_WARN_SUSPICIOUS_MOVE = YES;
				CLANG_WARN_UNGUARDED_AVAILABILITY = YES_AGGRESSIVE;
				CLANG_WARN_UNREACHABLE_CODE = YES;
				CLANG_WARN__DUPLICATE_METHOD_MATCH = YES;
				CODE_SIGN_IDENTITY = "iPhone Developer";
				COPY_PHASE_STRIP = NO;
				DEBUG_INFORMATION_FORMAT = dwarf;
				ENABLE_STRICT_OBJC_MSGSEND = YES;
				ENABLE_TESTABILITY = YES;
				GCC_C_LANGUAGE_STANDARD = gnu11;
				GCC_DYNAMIC_NO_PIC = NO;
				GCC_NO_COMMON_BLOCKS = YES;
				GCC_OPTIMIZATION_LEVEL = 0;
				GCC_PREPROCESSOR_DEFINITIONS = (
					"DEBUG=1",
					"$(inherited)",
				);
				GCC_WARN_64_TO_32_BIT_CONVERSION = YES;
				GCC_WARN_ABOUT_RETURN_TYPE = YES_ERROR;
				GCC_WARN_UNDECLARED_SELECTOR = YES;
				GCC_WARN_UNINITIALIZED_AUTOS = YES_AGGRESSIVE;
				GCC_WARN_UNUSED_FUNCTION = YES;
				GCC_WARN_UNUSED_VARIABLE = YES;
				IPHONEOS_DEPLOYMENT_TARGET = 12.1;
				MTL_ENABLE_DEBUG_INFO = INCLUDE_SOURCE;
				MTL_FAST_MATH = YES;
				ONLY_ACTIVE_ARCH = YES;
				SDKROOT = iphoneos;
				SWIFT_ACTIVE_COMPILATION_CONDITIONS = DEBUG;
				SWIFT_OPTIMIZATION_LEVEL = "-Onone";
			};
			name = Debug;
		};
		C18DE67F2213C3F50014B033 /* Release */ = {
			isa = XCBuildConfiguration;
			buildSettings = {
				ALWAYS_SEARCH_USER_PATHS = NO;
				CLANG_ANALYZER_NONNULL = YES;
				CLANG_ANALYZER_NUMBER_OBJECT_CONVERSION = YES_AGGRESSIVE;
				CLANG_CXX_LANGUAGE_STANDARD = "gnu++14";
				CLANG_CXX_LIBRARY = "libc++";
				CLANG_ENABLE_MODULES = YES;
				CLANG_ENABLE_OBJC_ARC = YES;
				CLANG_ENABLE_OBJC_WEAK = YES;
				CLANG_WARN_BLOCK_CAPTURE_AUTORELEASING = YES;
				CLANG_WARN_BOOL_CONVERSION = YES;
				CLANG_WARN_COMMA = YES;
				CLANG_WARN_CONSTANT_CONVERSION = YES;
				CLANG_WARN_DEPRECATED_OBJC_IMPLEMENTATIONS = YES;
				CLANG_WARN_DIRECT_OBJC_ISA_USAGE = YES_ERROR;
				CLANG_WARN_DOCUMENTATION_COMMENTS = YES;
				CLANG_WARN_EMPTY_BODY = YES;
				CLANG_WARN_ENUM_CONVERSION = YES;
				CLANG_WARN_INFINITE_RECURSION = YES;
				CLANG_WARN_INT_CONVERSION = YES;
				CLANG_WARN_NON_LITERAL_NULL_CONVERSION = YES;
				CLANG_WARN_OBJC_IMPLICIT_RETAIN_SELF = YES;
				CLANG_WARN_OBJC_LITERAL_CONVERSION = YES;
				CLANG_WARN_OBJC_ROOT_CLASS = YES_ERROR;
				CLANG_WARN_RANGE_LOOP_ANALYSIS = YES;
				CLANG_WARN_STRICT_PROTOTYPES = YES;
				CLANG_WARN_SUSPICIOUS_MOVE = YES;
				CLANG_WARN_UNGUARDED_AVAILABILITY = YES_AGGRESSIVE;
				CLANG_WARN_UNREACHABLE_CODE = YES;
				CLANG_WARN__DUPLICATE_METHOD_MATCH = YES;
				CODE_SIGN_IDENTITY = "iPhone Developer";
				COPY_PHASE_STRIP = NO;
				DEBUG_INFORMATION_FORMAT = "dwarf-with-dsym";
				ENABLE_NS_ASSERTIONS = NO;
				ENABLE_STRICT_OBJC_MSGSEND = YES;
				GCC_C_LANGUAGE_STANDARD = gnu11;
				GCC_NO_COMMON_BLOCKS = YES;
				GCC_WARN_64_TO_32_BIT_CONVERSION = YES;
				GCC_WARN_ABOUT_RETURN_TYPE = YES_ERROR;
				GCC_WARN_UNDECLARED_SELECTOR = YES;
				GCC_WARN_UNINITIALIZED_AUTOS = YES_AGGRESSIVE;
				GCC_WARN_UNUSED_FUNCTION = YES;
				GCC_WARN_UNUSED_VARIABLE = YES;
				IPHONEOS_DEPLOYMENT_TARGET = 12.1;
				MTL_ENABLE_DEBUG_INFO = NO;
				MTL_FAST_MATH = YES;
				SDKROOT = iphoneos;
				SWIFT_COMPILATION_MODE = wholemodule;
				SWIFT_OPTIMIZATION_LEVEL = "-O";
				VALIDATE_PRODUCT = YES;
			};
			name = Release;
		};
		C18DE6812213C3F50014B033 /* Debug */ = {
			isa = XCBuildConfiguration;
			baseConfigurationReference = 87BFA6424EF40FCCD278E94E /* Pods-FLIX.debug.xcconfig */;
			buildSettings = {
				ASSETCATALOG_COMPILER_APPICON_NAME = AppIcon;
				CODE_SIGN_STYLE = Automatic;
				DEVELOPMENT_TEAM = "";
				INFOPLIST_FILE = FLIX/Info.plist;
				LD_RUNPATH_SEARCH_PATHS = (
					"$(inherited)",
					"@executable_path/Frameworks",
				);
				PRODUCT_BUNDLE_IDENTIFIER = codepath.FLIX;
				PRODUCT_NAME = "$(TARGET_NAME)";
				SWIFT_VERSION = 4.2;
				TARGETED_DEVICE_FAMILY = "1,2";
			};
			name = Debug;
		};
		C18DE6822213C3F50014B033 /* Release */ = {
			isa = XCBuildConfiguration;
			baseConfigurationReference = 1BC6B775C6222EA7AE6F3F26 /* Pods-FLIX.release.xcconfig */;
			buildSettings = {
				ASSETCATALOG_COMPILER_APPICON_NAME = AppIcon;
				CODE_SIGN_STYLE = Automatic;
				DEVELOPMENT_TEAM = "";
				INFOPLIST_FILE = FLIX/Info.plist;
				LD_RUNPATH_SEARCH_PATHS = (
					"$(inherited)",
					"@executable_path/Frameworks",
				);
				PRODUCT_BUNDLE_IDENTIFIER = codepath.FLIX;
				PRODUCT_NAME = "$(TARGET_NAME)";
				SWIFT_VERSION = 4.2;
				TARGETED_DEVICE_FAMILY = "1,2";
			};
			name = Release;
		};
		C18DE6842213C3F50014B033 /* Debug */ = {
			isa = XCBuildConfiguration;
			baseConfigurationReference = C37BA130AD3858A0C621BCB2 /* Pods-FLIXTests.debug.xcconfig */;
			buildSettings = {
				ALWAYS_EMBED_SWIFT_STANDARD_LIBRARIES = YES;
				BUNDLE_LOADER = "$(TEST_HOST)";
				CODE_SIGN_STYLE = Automatic;
				INFOPLIST_FILE = FLIXTests/Info.plist;
				LD_RUNPATH_SEARCH_PATHS = (
					"$(inherited)",
					"@executable_path/Frameworks",
					"@loader_path/Frameworks",
				);
				PRODUCT_BUNDLE_IDENTIFIER = codepath.FLIXTests;
				PRODUCT_NAME = "$(TARGET_NAME)";
				SWIFT_VERSION = 4.2;
				TARGETED_DEVICE_FAMILY = "1,2";
				TEST_HOST = "$(BUILT_PRODUCTS_DIR)/FLIX.app/FLIX";
			};
			name = Debug;
		};
		C18DE6852213C3F50014B033 /* Release */ = {
			isa = XCBuildConfiguration;
			baseConfigurationReference = C662EDE597BEB536942D51D8 /* Pods-FLIXTests.release.xcconfig */;
			buildSettings = {
				ALWAYS_EMBED_SWIFT_STANDARD_LIBRARIES = YES;
				BUNDLE_LOADER = "$(TEST_HOST)";
				CODE_SIGN_STYLE = Automatic;
				INFOPLIST_FILE = FLIXTests/Info.plist;
				LD_RUNPATH_SEARCH_PATHS = (
					"$(inherited)",
					"@executable_path/Frameworks",
					"@loader_path/Frameworks",
				);
				PRODUCT_BUNDLE_IDENTIFIER = codepath.FLIXTests;
				PRODUCT_NAME = "$(TARGET_NAME)";
				SWIFT_VERSION = 4.2;
				TARGETED_DEVICE_FAMILY = "1,2";
				TEST_HOST = "$(BUILT_PRODUCTS_DIR)/FLIX.app/FLIX";
			};
			name = Release;
		};
		C18DE6872213C3F50014B033 /* Debug */ = {
			isa = XCBuildConfiguration;
			baseConfigurationReference = 1765B7AEA52CAD9C9C232D75 /* Pods-FLIXUITests.debug.xcconfig */;
			buildSettings = {
				ALWAYS_EMBED_SWIFT_STANDARD_LIBRARIES = YES;
				CODE_SIGN_STYLE = Automatic;
				INFOPLIST_FILE = FLIXUITests/Info.plist;
				LD_RUNPATH_SEARCH_PATHS = (
					"$(inherited)",
					"@executable_path/Frameworks",
					"@loader_path/Frameworks",
				);
				PRODUCT_BUNDLE_IDENTIFIER = codepath.FLIXUITests;
				PRODUCT_NAME = "$(TARGET_NAME)";
				SWIFT_VERSION = 4.2;
				TARGETED_DEVICE_FAMILY = "1,2";
				TEST_TARGET_NAME = FLIX;
			};
			name = Debug;
		};
		C18DE6882213C3F50014B033 /* Release */ = {
			isa = XCBuildConfiguration;
			baseConfigurationReference = 2DF076B2A56F3387CD9DAE42 /* Pods-FLIXUITests.release.xcconfig */;
			buildSettings = {
				ALWAYS_EMBED_SWIFT_STANDARD_LIBRARIES = YES;
				CODE_SIGN_STYLE = Automatic;
				INFOPLIST_FILE = FLIXUITests/Info.plist;
				LD_RUNPATH_SEARCH_PATHS = (
					"$(inherited)",
					"@executable_path/Frameworks",
					"@loader_path/Frameworks",
				);
				PRODUCT_BUNDLE_IDENTIFIER = codepath.FLIXUITests;
				PRODUCT_NAME = "$(TARGET_NAME)";
				SWIFT_VERSION = 4.2;
				TARGETED_DEVICE_FAMILY = "1,2";
				TEST_TARGET_NAME = FLIX;
			};
			name = Release;
		};
/* End XCBuildConfiguration section */

/* Begin XCConfigurationList section */
		C18DE6532213C3F30014B033 /* Build configuration list for PBXProject "FLIX" */ = {
			isa = XCConfigurationList;
			buildConfigurations = (
				C18DE67E2213C3F50014B033 /* Debug */,
				C18DE67F2213C3F50014B033 /* Release */,
			);
			defaultConfigurationIsVisible = 0;
			defaultConfigurationName = Release;
		};
		C18DE6802213C3F50014B033 /* Build configuration list for PBXNativeTarget "FLIX" */ = {
			isa = XCConfigurationList;
			buildConfigurations = (
				C18DE6812213C3F50014B033 /* Debug */,
				C18DE6822213C3F50014B033 /* Release */,
			);
			defaultConfigurationIsVisible = 0;
			defaultConfigurationName = Release;
		};
		C18DE6832213C3F50014B033 /* Build configuration list for PBXNativeTarget "FLIXTests" */ = {
			isa = XCConfigurationList;
			buildConfigurations = (
				C18DE6842213C3F50014B033 /* Debug */,
				C18DE6852213C3F50014B033 /* Release */,
			);
			defaultConfigurationIsVisible = 0;
			defaultConfigurationName = Release;
		};
		C18DE6862213C3F50014B033 /* Build configuration list for PBXNativeTarget "FLIXUITests" */ = {
			isa = XCConfigurationList;
			buildConfigurations = (
				C18DE6872213C3F50014B033 /* Debug */,
				C18DE6882213C3F50014B033 /* Release */,
			);
			defaultConfigurationIsVisible = 0;
			defaultConfigurationName = Release;
		};
/* End XCConfigurationList section */
	};
	rootObject = C18DE6502213C3F30014B033 /* Project object */;
}
